lockVersion: 2.0.0
id: 4e0d6d2a-1689-4ff6-8b68-61acdb4dfae8
management:
  docChecksum: db7bd8f69518c551928aef7eb16008e2
  docVersion: 0.0.1
  speakeasyVersion: internal
  generationVersion: 2.272.7
  releaseVersion: 0.25.3
  configChecksum: 47f4e9a839041a618c5caee78ba16d13
  repoURL: https://github.com/speakeasy-sdks/tigris-go-sdk.git
  repoSubDirectory: .
  installationURL: https://github.com/speakeasy-sdks/tigris-go-sdk
  published: true
features:
  go:
    core: 3.4.3
    examples: 2.81.3
    globalSecurity: 2.82.8
    globalServerURLs: 2.82.1
    nameOverrides: 2.81.1
generatedFiles:
  - auth.go
  - system.go
  - namespace.go
  - user.go
  - project.go
  - appkey.go
  - cache.go
  - database.go
  - collection.go
  - channel.go
  - search.go
  - tigris.go
  - go.mod
  - pkg/models/sdkerrors/sdkerror.go
  - pkg/types/bigint.go
  - pkg/types/date.go
  - pkg/types/datetime.go
  - pkg/types/decimal.go
  - pkg/types/pointers.go
  - pkg/utils/contenttype.go
  - pkg/utils/form.go
  - pkg/utils/headers.go
  - pkg/utils/json.go
  - pkg/utils/pathparams.go
  - pkg/utils/queryparams.go
  - pkg/utils/requestbody.go
  - pkg/utils/retries.go
  - pkg/utils/security.go
  - pkg/utils/utils.go
  - /pkg/models/operations/authgetaccesstoken.go
  - /pkg/models/operations/healthapihealth.go
  - /pkg/models/operations/observabilitygetinfo.go
  - /pkg/models/operations/observabilityquotausage.go
  - /pkg/models/operations/observabilityquotalimits.go
  - /pkg/models/operations/observabilityquerytimeseriesmetrics.go
  - /pkg/models/operations/createnamespace.go
  - /pkg/models/operations/managementdescribenamespaces.go
  - /pkg/models/operations/managementgetnamespacemetadata.go
  - /pkg/models/operations/managementinsertnamespacemetadata.go
  - /pkg/models/operations/managementlistnamespaces.go
  - /pkg/models/operations/managementupdatenamespacemetadata.go
  - /pkg/models/operations/managementgetusermetadata.go
  - /pkg/models/operations/managementinsertusermetadata.go
  - /pkg/models/operations/managementupdateusermetadata.go
  - /pkg/models/operations/tigriscreateproject.go
  - /pkg/models/operations/tigrisdeleteproject.go
  - /pkg/models/operations/tigrislistprojects.go
  - /pkg/models/operations/tigrisdeleteappkey.go
  - /pkg/models/operations/tigrislistappkeys.go
  - /pkg/models/operations/tigrisrotateappkeysecret.go
  - /pkg/models/operations/tigriscreateappkey.go
  - /pkg/models/operations/tigrisupdateappkey.go
  - /pkg/models/operations/cachecreatecache.go
  - /pkg/models/operations/cachedeletecache.go
  - /pkg/models/operations/cachedel.go
  - /pkg/models/operations/cacheget.go
  - /pkg/models/operations/cachegetset.go
  - /pkg/models/operations/cachelistcaches.go
  - /pkg/models/operations/cachekeys.go
  - /pkg/models/operations/cacheset.go
  - /pkg/models/operations/tigrisbegintransaction.go
  - /pkg/models/operations/tigriscommittransaction.go
  - /pkg/models/operations/tigriscreatebranch.go
  - /pkg/models/operations/tigrisdeletebranch.go
  - /pkg/models/operations/tigrisdescribedatabase.go
  - /pkg/models/operations/tigrislistcollections.go
  - /pkg/models/operations/tigrisrollbacktransaction.go
  - /pkg/models/operations/tigrislistbranches.go
  - /pkg/models/operations/tigriscreateorupdatecollection.go
  - /pkg/models/operations/tigrisdelete.go
  - /pkg/models/operations/tigrisdescribecollection.go
  - /pkg/models/operations/tigrisdropcollection.go
  - /pkg/models/operations/tigrisimport.go
  - /pkg/models/operations/tigrisinsert.go
  - /pkg/models/operations/tigrisread.go
  - /pkg/models/operations/tigrisreplace.go
  - /pkg/models/operations/tigrissearch.go
  - /pkg/models/operations/tigrisupdate.go
  - /pkg/models/operations/realtimegetrtchannel.go
  - /pkg/models/operations/realtimereadmessages.go
  - /pkg/models/operations/realtimegetrtchannels.go
  - /pkg/models/operations/realtimelistsubscriptions.go
  - /pkg/models/operations/realtimemessages.go
  - /pkg/models/operations/realtimepresence.go
  - /pkg/models/operations/searchcreatebyid.go
  - /pkg/models/operations/searchcreate.go
  - /pkg/models/operations/searchdelete.go
  - /pkg/models/operations/searchdeleteindex.go
  - /pkg/models/operations/searchsearch.go
  - /pkg/models/operations/searchget.go
  - /pkg/models/operations/searchgetindex.go
  - /pkg/models/operations/searchlistindexes.go
  - /pkg/models/operations/searchdeletebyquery.go
  - /pkg/models/operations/searchcreateorreplace.go
  - /pkg/models/operations/searchupdate.go
  - /pkg/models/operations/searchcreateorupdateindex.go
  - /pkg/models/shared/status.go
  - /pkg/models/shared/error.go
  - /pkg/models/shared/getaccesstokenresponse.go
  - /pkg/models/shared/healthcheckresponse.go
  - /pkg/models/shared/getinforesponse.go
  - /pkg/models/shared/quotausageresponse.go
  - /pkg/models/shared/quotausagerequest.go
  - /pkg/models/shared/quotalimitsresponse.go
  - /pkg/models/shared/quotalimitsrequest.go
  - /pkg/models/shared/querytimeseriesmetricsresponse.go
  - /pkg/models/shared/metricseries.go
  - /pkg/models/shared/datapoint.go
  - /pkg/models/shared/querytimeseriesmetricsrequest.go
  - /pkg/models/shared/additionalfunction.go
  - /pkg/models/shared/rollupfunction.go
  - /pkg/models/shared/createnamespaceresponse.go
  - /pkg/models/shared/namespaceinfo.go
  - /pkg/models/shared/createnamespacerequest.go
  - /pkg/models/shared/describenamespacesresponse.go
  - /pkg/models/shared/describenamespacesdata.go
  - /pkg/models/shared/getnamespacemetadataresponse.go
  - /pkg/models/shared/getnamespacemetadatarequest.go
  - /pkg/models/shared/insertnamespacemetadataresponse.go
  - /pkg/models/shared/insertnamespacemetadatarequest.go
  - /pkg/models/shared/listnamespacesresponse.go
  - /pkg/models/shared/updatenamespacemetadataresponse.go
  - /pkg/models/shared/updatenamespacemetadatarequest.go
  - /pkg/models/shared/getusermetadataresponse.go
  - /pkg/models/shared/getusermetadatarequest.go
  - /pkg/models/shared/insertusermetadataresponse.go
  - /pkg/models/shared/insertusermetadatarequest.go
  - /pkg/models/shared/updateusermetadataresponse.go
  - /pkg/models/shared/updateusermetadatarequest.go
  - /pkg/models/shared/createprojectresponse.go
  - /pkg/models/shared/createprojectrequest.go
  - /pkg/models/shared/deleteprojectresponse.go
  - /pkg/models/shared/deleteprojectrequest.go
  - /pkg/models/shared/listprojectsresponse.go
  - /pkg/models/shared/projectinfo.go
  - /pkg/models/shared/projectmetadata.go
  - /pkg/models/shared/deleteappkeyresponse.go
  - /pkg/models/shared/deleteappkeyrequest.go
  - /pkg/models/shared/listappkeysresponse.go
  - /pkg/models/shared/appkey.go
  - /pkg/models/shared/rotateappkeyresponse.go
  - /pkg/models/shared/rotateappkeyrequest.go
  - /pkg/models/shared/createappkeyresponse.go
  - /pkg/models/shared/createappkeyrequest.go
  - /pkg/models/shared/updateappkeyresponse.go
  - /pkg/models/shared/updateappkeyrequest.go
  - /pkg/models/shared/createcacheresponse.go
  - /pkg/models/shared/createcacherequest.go
  - /pkg/models/shared/createcacheoptions.go
  - /pkg/models/shared/deletecacheresponse.go
  - /pkg/models/shared/deletecacherequest.go
  - /pkg/models/shared/delresponse.go
  - /pkg/models/shared/delrequest.go
  - /pkg/models/shared/getresponse.go
  - /pkg/models/shared/getsetresponse.go
  - /pkg/models/shared/getsetrequest.go
  - /pkg/models/shared/listcachesresponse.go
  - /pkg/models/shared/cachemetadata.go
  - /pkg/models/shared/keysresponse.go
  - /pkg/models/shared/setresponse.go
  - /pkg/models/shared/setrequest.go
  - /pkg/models/shared/begintransactionresponse.go
  - /pkg/models/shared/transactionctx.go
  - /pkg/models/shared/begintransactionrequest.go
  - /pkg/models/shared/transactionoptions.go
  - /pkg/models/shared/committransactionresponse.go
  - /pkg/models/shared/committransactionrequest.go
  - /pkg/models/shared/createbranchresponse.go
  - /pkg/models/shared/createbranchrequest.go
  - /pkg/models/shared/deletebranchresponse.go
  - /pkg/models/shared/deletebranchrequest.go
  - /pkg/models/shared/describedatabaseresponse.go
  - /pkg/models/shared/databasemetadata.go
  - /pkg/models/shared/collectiondescription.go
  - /pkg/models/shared/collectionmetadata.go
  - /pkg/models/shared/describedatabaserequest.go
  - /pkg/models/shared/listcollectionsresponse.go
  - /pkg/models/shared/collectioninfo.go
  - /pkg/models/shared/rollbacktransactionresponse.go
  - /pkg/models/shared/rollbacktransactionrequest.go
  - /pkg/models/shared/listbranchesresponse.go
  - /pkg/models/shared/branchinfo.go
  - /pkg/models/shared/branchmetadata.go
  - /pkg/models/shared/createorupdatecollectionresponse.go
  - /pkg/models/shared/createorupdatecollectionrequest.go
  - /pkg/models/shared/collectionoptions.go
  - /pkg/models/shared/deleteresponse.go
  - /pkg/models/shared/responsemetadata.go
  - /pkg/models/shared/deleterequest.go
  - /pkg/models/shared/deleterequestoptions.go
  - /pkg/models/shared/writeoptions.go
  - /pkg/models/shared/collation.go
  - /pkg/models/shared/describecollectionresponse.go
  - /pkg/models/shared/describecollectionrequest.go
  - /pkg/models/shared/dropcollectionresponse.go
  - /pkg/models/shared/dropcollectionrequest.go
  - /pkg/models/shared/importresponse.go
  - /pkg/models/shared/importrequest.go
  - /pkg/models/shared/importrequestoptions.go
  - /pkg/models/shared/insertresponse.go
  - /pkg/models/shared/insertrequest.go
  - /pkg/models/shared/insertrequestoptions.go
  - /pkg/models/shared/streamingreadresponse.go
  - /pkg/models/shared/readresponse.go
  - /pkg/models/shared/readrequest.go
  - /pkg/models/shared/readrequestoptions.go
  - /pkg/models/shared/replaceresponse.go
  - /pkg/models/shared/replacerequest.go
  - /pkg/models/shared/replacerequestoptions.go
  - /pkg/models/shared/streamingsearchresponse.go
  - /pkg/models/shared/searchresponse.go
  - /pkg/models/shared/searchmetadata.go
  - /pkg/models/shared/page.go
  - /pkg/models/shared/searchhit.go
  - /pkg/models/shared/searchhitmeta.go
  - /pkg/models/shared/searchfacet.go
  - /pkg/models/shared/facetstats.go
  - /pkg/models/shared/facetcount.go
  - /pkg/models/shared/searchrequest.go
  - /pkg/models/shared/updateresponse.go
  - /pkg/models/shared/updaterequest.go
  - /pkg/models/shared/updaterequestoptions.go
  - /pkg/models/shared/getrtchannelresponse.go
  - /pkg/models/shared/readmessagesresponse.go
  - /pkg/models/shared/message.go
  - /pkg/models/shared/getrtchannelsresponse.go
  - /pkg/models/shared/channelmetadata.go
  - /pkg/models/shared/listsubscriptionresponse.go
  - /pkg/models/shared/messagesresponse.go
  - /pkg/models/shared/messagesrequest.go
  - /pkg/models/shared/presenceresponse.go
  - /pkg/models/shared/createbyidresponse.go
  - /pkg/models/shared/createbyidrequest.go
  - /pkg/models/shared/createdocumentresponse.go
  - /pkg/models/shared/docstatus.go
  - /pkg/models/shared/createdocumentrequest.go
  - /pkg/models/shared/deletedocumentresponse.go
  - /pkg/models/shared/deletedocumentrequest.go
  - /pkg/models/shared/deleteindexresponse.go
  - /pkg/models/shared/deleteindexrequest.go
  - /pkg/models/shared/searchindexresponse.go
  - /pkg/models/shared/indexdoc.go
  - /pkg/models/shared/docmeta.go
  - /pkg/models/shared/searchindexrequest.go
  - /pkg/models/shared/getdocumentresponse.go
  - /pkg/models/shared/getindexresponse.go
  - /pkg/models/shared/indexinfo.go
  - /pkg/models/shared/listindexesresponse.go
  - /pkg/models/shared/deletebyqueryresponse.go
  - /pkg/models/shared/deletebyqueryrequest.go
  - /pkg/models/shared/createorreplacedocumentresponse.go
  - /pkg/models/shared/createorreplacedocumentrequest.go
  - /pkg/models/shared/updatedocumentresponse.go
  - /pkg/models/shared/updatedocumentrequest.go
  - /pkg/models/shared/createorupdateindexresponse.go
  - /pkg/models/shared/createorupdateindexrequest.go
  - /pkg/models/shared/security.go
  - docs/pkg/models/operations/authgetaccesstokenresponse.md
  - docs/pkg/models/operations/healthapihealthresponse.md
  - docs/pkg/models/operations/observabilitygetinforesponse.md
  - docs/pkg/models/operations/observabilityquotausageresponse.md
  - docs/pkg/models/operations/observabilityquotalimitsresponse.md
  - docs/pkg/models/operations/observabilityquerytimeseriesmetricsresponse.md
  - docs/pkg/models/operations/createnamespaceresponse.md
  - docs/pkg/models/operations/managementdescribenamespacesresponse.md
  - docs/pkg/models/operations/managementgetnamespacemetadatarequest.md
  - docs/pkg/models/operations/managementgetnamespacemetadataresponse.md
  - docs/pkg/models/operations/managementinsertnamespacemetadatarequest.md
  - docs/pkg/models/operations/managementinsertnamespacemetadataresponse.md
  - docs/pkg/models/operations/managementlistnamespacesresponse.md
  - docs/pkg/models/operations/managementupdatenamespacemetadatarequest.md
  - docs/pkg/models/operations/managementupdatenamespacemetadataresponse.md
  - docs/pkg/models/operations/managementgetusermetadatarequest.md
  - docs/pkg/models/operations/managementgetusermetadataresponse.md
  - docs/pkg/models/operations/managementinsertusermetadatarequest.md
  - docs/pkg/models/operations/managementinsertusermetadataresponse.md
  - docs/pkg/models/operations/managementupdateusermetadatarequest.md
  - docs/pkg/models/operations/managementupdateusermetadataresponse.md
  - docs/pkg/models/operations/tigriscreateprojectrequest.md
  - docs/pkg/models/operations/tigriscreateprojectresponse.md
  - docs/pkg/models/operations/tigrisdeleteprojectrequest.md
  - docs/pkg/models/operations/tigrisdeleteprojectresponse.md
  - docs/pkg/models/operations/tigrislistprojectsresponse.md
  - docs/pkg/models/operations/tigrisdeleteappkeyrequest.md
  - docs/pkg/models/operations/tigrisdeleteappkeyresponse.md
  - docs/pkg/models/operations/tigrislistappkeysrequest.md
  - docs/pkg/models/operations/tigrislistappkeysresponse.md
  - docs/pkg/models/operations/tigrisrotateappkeysecretrequest.md
  - docs/pkg/models/operations/tigrisrotateappkeysecretresponse.md
  - docs/pkg/models/operations/tigriscreateappkeyrequest.md
  - docs/pkg/models/operations/tigriscreateappkeyresponse.md
  - docs/pkg/models/operations/tigrisupdateappkeyrequest.md
  - docs/pkg/models/operations/tigrisupdateappkeyresponse.md
  - docs/pkg/models/operations/cachecreatecacherequest.md
  - docs/pkg/models/operations/cachecreatecacheresponse.md
  - docs/pkg/models/operations/cachedeletecacherequest.md
  - docs/pkg/models/operations/cachedeletecacheresponse.md
  - docs/pkg/models/operations/cachedelrequest.md
  - docs/pkg/models/operations/cachedelresponse.md
  - docs/pkg/models/operations/cachegetrequest.md
  - docs/pkg/models/operations/cachegetresponse.md
  - docs/pkg/models/operations/cachegetsetrequest.md
  - docs/pkg/models/operations/cachegetsetresponse.md
  - docs/pkg/models/operations/cachelistcachesrequest.md
  - docs/pkg/models/operations/cachelistcachesresponse.md
  - docs/pkg/models/operations/cachekeysrequest.md
  - docs/pkg/models/operations/cachekeysresponse.md
  - docs/pkg/models/operations/cachesetrequest.md
  - docs/pkg/models/operations/cachesetresponse.md
  - docs/pkg/models/operations/tigrisbegintransactionrequest.md
  - docs/pkg/models/operations/tigrisbegintransactionresponse.md
  - docs/pkg/models/operations/tigriscommittransactionrequest.md
  - docs/pkg/models/operations/tigriscommittransactionresponse.md
  - docs/pkg/models/operations/tigriscreatebranchrequest.md
  - docs/pkg/models/operations/tigriscreatebranchresponse.md
  - docs/pkg/models/operations/tigrisdeletebranchrequest.md
  - docs/pkg/models/operations/tigrisdeletebranchresponse.md
  - docs/pkg/models/operations/tigrisdescribedatabaserequest.md
  - docs/pkg/models/operations/tigrisdescribedatabaseresponse.md
  - docs/pkg/models/operations/tigrislistcollectionsrequest.md
  - docs/pkg/models/operations/tigrislistcollectionsresponse.md
  - docs/pkg/models/operations/tigrisrollbacktransactionrequest.md
  - docs/pkg/models/operations/tigrisrollbacktransactionresponse.md
  - docs/pkg/models/operations/tigrislistbranchesrequest.md
  - docs/pkg/models/operations/tigrislistbranchesresponse.md
  - docs/pkg/models/operations/tigriscreateorupdatecollectionrequest.md
  - docs/pkg/models/operations/tigriscreateorupdatecollectionresponse.md
  - docs/pkg/models/operations/tigrisdeleterequest.md
  - docs/pkg/models/operations/tigrisdeleteresponse.md
  - docs/pkg/models/operations/tigrisdescribecollectionrequest.md
  - docs/pkg/models/operations/tigrisdescribecollectionresponse.md
  - docs/pkg/models/operations/tigrisdropcollectionrequest.md
  - docs/pkg/models/operations/tigrisdropcollectionresponse.md
  - docs/pkg/models/operations/tigrisimportrequest.md
  - docs/pkg/models/operations/tigrisimportresponse.md
  - docs/pkg/models/operations/tigrisinsertrequest.md
  - docs/pkg/models/operations/tigrisinsertresponse.md
  - docs/pkg/models/operations/tigrisreadrequest.md
  - docs/pkg/models/operations/tigrisreadresponse.md
  - docs/pkg/models/operations/tigrisreplacerequest.md
  - docs/pkg/models/operations/tigrisreplaceresponse.md
  - docs/pkg/models/operations/tigrissearchrequest.md
  - docs/pkg/models/operations/tigrissearchresponse.md
  - docs/pkg/models/operations/tigrisupdaterequest.md
  - docs/pkg/models/operations/tigrisupdateresponse.md
  - docs/pkg/models/operations/realtimegetrtchannelrequest.md
  - docs/pkg/models/operations/realtimegetrtchannelresponse.md
  - docs/pkg/models/operations/realtimereadmessagesrequest.md
  - docs/pkg/models/operations/realtimereadmessagesresponse.md
  - docs/pkg/models/operations/realtimegetrtchannelsrequest.md
  - docs/pkg/models/operations/realtimegetrtchannelsresponse.md
  - docs/pkg/models/operations/realtimelistsubscriptionsrequest.md
  - docs/pkg/models/operations/realtimelistsubscriptionsresponse.md
  - docs/pkg/models/operations/realtimemessagesrequest.md
  - docs/pkg/models/operations/realtimemessagesresponse.md
  - docs/pkg/models/operations/realtimepresencerequest.md
  - docs/pkg/models/operations/realtimepresenceresponse.md
  - docs/pkg/models/operations/searchcreatebyidrequest.md
  - docs/pkg/models/operations/searchcreatebyidresponse.md
  - docs/pkg/models/operations/searchcreaterequest.md
  - docs/pkg/models/operations/searchcreateresponse.md
  - docs/pkg/models/operations/searchdeleterequest.md
  - docs/pkg/models/operations/searchdeleteresponse.md
  - docs/pkg/models/operations/searchdeleteindexrequest.md
  - docs/pkg/models/operations/searchdeleteindexresponse.md
  - docs/pkg/models/operations/searchsearchrequest.md
  - docs/pkg/models/operations/searchsearchresponse.md
  - docs/pkg/models/operations/searchgetrequest.md
  - docs/pkg/models/operations/searchgetresponse.md
  - docs/pkg/models/operations/searchgetindexrequest.md
  - docs/pkg/models/operations/searchgetindexresponse.md
  - docs/pkg/models/operations/searchlistindexesrequest.md
  - docs/pkg/models/operations/searchlistindexesresponse.md
  - docs/pkg/models/operations/searchdeletebyqueryrequest.md
  - docs/pkg/models/operations/searchdeletebyqueryresponse.md
  - docs/pkg/models/operations/searchcreateorreplacerequest.md
  - docs/pkg/models/operations/searchcreateorreplaceresponse.md
  - docs/pkg/models/operations/searchupdaterequest.md
  - docs/pkg/models/operations/searchupdateresponse.md
  - docs/pkg/models/operations/searchcreateorupdateindexrequest.md
  - docs/pkg/models/operations/searchcreateorupdateindexresponse.md
  - docs/pkg/models/shared/status.md
  - docs/pkg/models/shared/code.md
  - docs/pkg/models/shared/error.md
  - docs/pkg/models/shared/getaccesstokenresponse.md
  - docs/pkg/models/shared/healthcheckresponse.md
  - docs/pkg/models/shared/getinforesponse.md
  - docs/pkg/models/shared/quotausageresponse.md
  - docs/pkg/models/shared/quotausagerequest.md
  - docs/pkg/models/shared/quotalimitsresponse.md
  - docs/pkg/models/shared/quotalimitsrequest.md
  - docs/pkg/models/shared/querytimeseriesmetricsresponse.md
  - docs/pkg/models/shared/metricseries.md
  - docs/pkg/models/shared/datapoint.md
  - docs/pkg/models/shared/function.md
  - docs/pkg/models/shared/spaceaggregation.md
  - docs/pkg/models/shared/tigrisoperation.md
  - docs/pkg/models/shared/querytimeseriesmetricsrequest.md
  - docs/pkg/models/shared/additionalfunction.md
  - docs/pkg/models/shared/aggregator.md
  - docs/pkg/models/shared/rollupfunction.md
  - docs/pkg/models/shared/createnamespaceresponse.md
  - docs/pkg/models/shared/namespaceinfo.md
  - docs/pkg/models/shared/createnamespacerequest.md
  - docs/pkg/models/shared/describenamespacesresponse.md
  - docs/pkg/models/shared/describenamespacesdata.md
  - docs/pkg/models/shared/getnamespacemetadataresponsevalue.md
  - docs/pkg/models/shared/getnamespacemetadataresponse.md
  - docs/pkg/models/shared/value.md
  - docs/pkg/models/shared/getnamespacemetadatarequest.md
  - docs/pkg/models/shared/insertnamespacemetadataresponsevalue.md
  - docs/pkg/models/shared/insertnamespacemetadataresponse.md
  - docs/pkg/models/shared/insertnamespacemetadatarequestvalue.md
  - docs/pkg/models/shared/insertnamespacemetadatarequest.md
  - docs/pkg/models/shared/listnamespacesresponse.md
  - docs/pkg/models/shared/updatenamespacemetadataresponsevalue.md
  - docs/pkg/models/shared/updatenamespacemetadataresponse.md
  - docs/pkg/models/shared/updatenamespacemetadatarequestvalue.md
  - docs/pkg/models/shared/updatenamespacemetadatarequest.md
  - docs/pkg/models/shared/getusermetadataresponse.md
  - docs/pkg/models/shared/getusermetadatarequestvalue.md
  - docs/pkg/models/shared/getusermetadatarequest.md
  - docs/pkg/models/shared/insertusermetadataresponsevalue.md
  - docs/pkg/models/shared/insertusermetadataresponse.md
  - docs/pkg/models/shared/insertusermetadatarequestvalue.md
  - docs/pkg/models/shared/insertusermetadatarequest.md
  - docs/pkg/models/shared/updateusermetadataresponsevalue.md
  - docs/pkg/models/shared/updateusermetadataresponse.md
  - docs/pkg/models/shared/updateusermetadatarequestvalue.md
  - docs/pkg/models/shared/updateusermetadatarequest.md
  - docs/pkg/models/shared/createprojectresponse.md
  - docs/pkg/models/shared/createprojectrequest.md
  - docs/pkg/models/shared/deleteprojectresponse.md
  - docs/pkg/models/shared/deleteprojectrequest.md
  - docs/pkg/models/shared/listprojectsresponse.md
  - docs/pkg/models/shared/projectinfo.md
  - docs/pkg/models/shared/projectmetadata.md
  - docs/pkg/models/shared/deleteappkeyresponse.md
  - docs/pkg/models/shared/deleteappkeyrequest.md
  - docs/pkg/models/shared/listappkeysresponse.md
  - docs/pkg/models/shared/appkey.md
  - docs/pkg/models/shared/rotateappkeyresponse.md
  - docs/pkg/models/shared/rotateappkeyrequest.md
  - docs/pkg/models/shared/createappkeyresponse.md
  - docs/pkg/models/shared/createappkeyrequest.md
  - docs/pkg/models/shared/updateappkeyresponse.md
  - docs/pkg/models/shared/updateappkeyrequest.md
  - docs/pkg/models/shared/createcacheresponse.md
  - docs/pkg/models/shared/createcacherequest.md
  - docs/pkg/models/shared/createcacheoptions.md
  - docs/pkg/models/shared/deletecacheresponse.md
  - docs/pkg/models/shared/deletecacherequest.md
  - docs/pkg/models/shared/delresponse.md
  - docs/pkg/models/shared/delrequest.md
  - docs/pkg/models/shared/getresponse.md
  - docs/pkg/models/shared/getsetresponse.md
  - docs/pkg/models/shared/getsetrequest.md
  - docs/pkg/models/shared/listcachesresponse.md
  - docs/pkg/models/shared/cachemetadata.md
  - docs/pkg/models/shared/keysresponse.md
  - docs/pkg/models/shared/setresponse.md
  - docs/pkg/models/shared/setrequest.md
  - docs/pkg/models/shared/begintransactionresponse.md
  - docs/pkg/models/shared/transactionctx.md
  - docs/pkg/models/shared/begintransactionrequest.md
  - docs/pkg/models/shared/transactionoptions.md
  - docs/pkg/models/shared/committransactionresponse.md
  - docs/pkg/models/shared/committransactionrequest.md
  - docs/pkg/models/shared/createbranchresponse.md
  - docs/pkg/models/shared/createbranchrequest.md
  - docs/pkg/models/shared/deletebranchresponse.md
  - docs/pkg/models/shared/deletebranchrequest.md
  - docs/pkg/models/shared/describedatabaseresponse.md
  - docs/pkg/models/shared/databasemetadata.md
  - docs/pkg/models/shared/schema.md
  - docs/pkg/models/shared/collectiondescription.md
  - docs/pkg/models/shared/collectionmetadata.md
  - docs/pkg/models/shared/describedatabaserequest.md
  - docs/pkg/models/shared/listcollectionsresponse.md
  - docs/pkg/models/shared/collectioninfo.md
  - docs/pkg/models/shared/rollbacktransactionresponse.md
  - docs/pkg/models/shared/rollbacktransactionrequest.md
  - docs/pkg/models/shared/listbranchesresponse.md
  - docs/pkg/models/shared/branchinfo.md
  - docs/pkg/models/shared/branchmetadata.md
  - docs/pkg/models/shared/createorupdatecollectionresponse.md
  - docs/pkg/models/shared/createorupdatecollectionrequestschema.md
  - docs/pkg/models/shared/createorupdatecollectionrequest.md
  - docs/pkg/models/shared/collectionoptions.md
  - docs/pkg/models/shared/deleteresponse.md
  - docs/pkg/models/shared/responsemetadata.md
  - docs/pkg/models/shared/filter.md
  - docs/pkg/models/shared/deleterequest.md
  - docs/pkg/models/shared/deleterequestoptions.md
  - docs/pkg/models/shared/writeoptions.md
  - docs/pkg/models/shared/collation.md
  - docs/pkg/models/shared/describecollectionresponseschema.md
  - docs/pkg/models/shared/describecollectionresponse.md
  - docs/pkg/models/shared/describecollectionrequest.md
  - docs/pkg/models/shared/dropcollectionresponse.md
  - docs/pkg/models/shared/dropcollectionrequest.md
  - docs/pkg/models/shared/importresponse.md
  - docs/pkg/models/shared/documents.md
  - docs/pkg/models/shared/importrequest.md
  - docs/pkg/models/shared/importrequestoptions.md
  - docs/pkg/models/shared/insertresponse.md
  - docs/pkg/models/shared/insertrequestdocuments.md
  - docs/pkg/models/shared/insertrequest.md
  - docs/pkg/models/shared/insertrequestoptions.md
  - docs/pkg/models/shared/streamingreadresponse.md
  - docs/pkg/models/shared/data.md
  - docs/pkg/models/shared/readresponse.md
  - docs/pkg/models/shared/fields.md
  - docs/pkg/models/shared/readrequestfilter.md
  - docs/pkg/models/shared/readrequest.md
  - docs/pkg/models/shared/readrequestoptions.md
  - docs/pkg/models/shared/replaceresponse.md
  - docs/pkg/models/shared/replacerequestdocuments.md
  - docs/pkg/models/shared/replacerequest.md
  - docs/pkg/models/shared/replacerequestoptions.md
  - docs/pkg/models/shared/streamingsearchresponse.md
  - docs/pkg/models/shared/searchresponse.md
  - docs/pkg/models/shared/searchmetadata.md
  - docs/pkg/models/shared/page.md
  - docs/pkg/models/shared/searchhitdata.md
  - docs/pkg/models/shared/searchhit.md
  - docs/pkg/models/shared/searchhitmeta.md
  - docs/pkg/models/shared/searchfacet.md
  - docs/pkg/models/shared/facetstats.md
  - docs/pkg/models/shared/facetcount.md
  - docs/pkg/models/shared/facet.md
  - docs/pkg/models/shared/searchrequestfields.md
  - docs/pkg/models/shared/searchrequestfilter.md
  - docs/pkg/models/shared/sort.md
  - docs/pkg/models/shared/searchrequest.md
  - docs/pkg/models/shared/updateresponse.md
  - docs/pkg/models/shared/updaterequestfields.md
  - docs/pkg/models/shared/updaterequestfilter.md
  - docs/pkg/models/shared/updaterequest.md
  - docs/pkg/models/shared/updaterequestoptions.md
  - docs/pkg/models/shared/getrtchannelresponse.md
  - docs/pkg/models/shared/readmessagesresponse.md
  - docs/pkg/models/shared/message.md
  - docs/pkg/models/shared/getrtchannelsresponse.md
  - docs/pkg/models/shared/channelmetadata.md
  - docs/pkg/models/shared/listsubscriptionresponse.md
  - docs/pkg/models/shared/messagesresponse.md
  - docs/pkg/models/shared/messagesrequest.md
  - docs/pkg/models/shared/presenceresponse.md
  - docs/pkg/models/shared/createbyidresponse.md
  - docs/pkg/models/shared/createbyidrequest.md
  - docs/pkg/models/shared/createdocumentresponse.md
  - docs/pkg/models/shared/docstatus.md
  - docs/pkg/models/shared/createdocumentrequest.md
  - docs/pkg/models/shared/deletedocumentresponse.md
  - docs/pkg/models/shared/deletedocumentrequest.md
  - docs/pkg/models/shared/deleteindexresponse.md
  - docs/pkg/models/shared/deleteindexrequest.md
  - docs/pkg/models/shared/searchindexresponse.md
  - docs/pkg/models/shared/indexdoc.md
  - docs/pkg/models/shared/docmeta.md
  - docs/pkg/models/shared/searchindexrequest.md
  - docs/pkg/models/shared/getdocumentresponse.md
  - docs/pkg/models/shared/getindexresponse.md
  - docs/pkg/models/shared/indexinfo.md
  - docs/pkg/models/shared/listindexesresponse.md
  - docs/pkg/models/shared/deletebyqueryresponse.md
  - docs/pkg/models/shared/deletebyqueryrequest.md
  - docs/pkg/models/shared/createorreplacedocumentresponse.md
  - docs/pkg/models/shared/createorreplacedocumentrequest.md
  - docs/pkg/models/shared/updatedocumentresponse.md
  - docs/pkg/models/shared/updatedocumentrequest.md
  - docs/pkg/models/shared/createorupdateindexresponse.md
  - docs/pkg/models/shared/createorupdateindexrequest.md
  - docs/pkg/models/shared/security.md
  - docs/sdks/tigris/README.md
  - docs/sdks/auth/README.md
  - docs/sdks/system/README.md
  - docs/sdks/namespace/README.md
  - docs/sdks/user/README.md
  - docs/sdks/project/README.md
  - docs/sdks/appkey/README.md
  - docs/sdks/cache/README.md
  - docs/sdks/database/README.md
  - docs/sdks/collection/README.md
  - docs/sdks/channel/README.md
  - docs/sdks/search/README.md
  - USAGE.md
  - .gitattributes
  - internal/hooks/hooks.go
